# This file was autogenerated by Stack.
# You should not edit this file by hand.
# For more information, please see the documentation at:
#   https://docs.haskellstack.org/en/stable/lock_files

packages:
- completed:
    hackage: network-3.0.1.1@sha256:f0ddc75076f8f1ee02d191089e8c3b99b42666126654bf27bfcdd26813d5485c,4097
    pantry-tree:
      sha256: bdd526574bf54a23b77ecd3c7e4d48b21f7f15e1fac301884ab02bb1f33d9a6a
      size: 3296
  original:
    hackage: network-3.0.1.1
- completed:
    hackage: socks-0.6.0@sha256:a058ee6b66da40a2365efcf44b4c06c96e58a23b150bd3f3d0f9f5cadc33f728,1318
    pantry-tree:
      sha256: 036f8eefaf2a473554c733ca838373b49c1b686eee4a8180741b8123d788dbc5
      size: 692
  original:
    hackage: socks-0.6.0
snapshots:
- completed:
    sha256: 3d8fabe77d4f7618554cfb1001c820b9859820b8639bfd6f02a1c41660afb53b
    size: 497508
    url: https://raw.githubusercontent.com/commercialhaskell/stackage-snapshots/master/lts/13/17.yaml
  original: lts-13.17
