# This file was autogenerated by Stack.
# You should not edit this file by hand.
# For more information, please see the documentation at:
#   https://docs.haskellstack.org/en/stable/lock_files

packages: []
snapshots:
- completed:
    sha256: c32a996a172720f129d555b28e95dedd1ac33cdb5b883932906a51754bb9b264
    size: 630639
    url: https://raw.githubusercontent.com/commercialhaskell/stackage-snapshots/master/nightly/2022/8/18.yaml
  original: nightly-2022-08-18
